
Microsoft Visual Studio Solution File, Format Version 12.00
# Visual Studio Version 17
VisualStudioVersion = 17.9.34723.18
MinimumVisualStudioVersion = 10.0.40219.1
Project("{9A19103F-16F7-4668-BE54-9A1E7A4F7556}") = "Pipeline.API", "Pipeline.API\Pipeline.API.csproj", "{6D884E63-39F4-464D-9611-3A150097F42E}"
EndProject
Project("{2150E333-8FDC-42A3-9474-1A3956D46DE8}") = "Solution Items", "Solution Items", "{60918223-160F-47C4-8A82-E175E2B7FCD5}"
	ProjectSection(SolutionItems) = preProject
		.github\workflows\main_pipeline.yml = .github\workflows\main_pipeline.yml
	EndProjectSection
EndProject
Project("{9A19103F-16F7-4668-BE54-9A1E7A4F7556}") = "PipelineDemo.Tests", "PipelineDemo.Tests\PipelineDemo.Tests.csproj", "{5E35307D-AFF5-450F-8E8D-4C57BB1F5DCB}"
EndProject
Global
	GlobalSection(SolutionConfigurationPlatforms) = preSolution
		Debug|Any CPU = Debug|Any CPU
		Release|Any CPU = Release|Any CPU
	EndGlobalSection
	GlobalSection(ProjectConfigurationPlatforms) = postSolution
		{6D884E63-39F4-464D-9611-3A150097F42E}.Debug|Any CPU.ActiveCfg = Debug|Any CPU
		{6D884E63-39F4-464D-9611-3A150097F42E}.Debug|Any CPU.Build.0 = Debug|Any CPU
		{6D884E63-39F4-464D-9611-3A150097F42E}.Release|Any CPU.ActiveCfg = Release|Any CPU
		{6D884E63-39F4-464D-9611-3A150097F42E}.Release|Any CPU.Build.0 = Release|Any CPU
		{5E35307D-AFF5-450F-8E8D-4C57BB1F5DCB}.Debug|Any CPU.ActiveCfg = Debug|Any CPU
		{5E35307D-AFF5-450F-8E8D-4C57BB1F5DCB}.Debug|Any CPU.Build.0 = Debug|Any CPU
		{5E35307D-AFF5-450F-8E8D-4C57BB1F5DCB}.Release|Any CPU.ActiveCfg = Release|Any CPU
		{5E35307D-AFF5-450F-8E8D-4C57BB1F5DCB}.Release|Any CPU.Build.0 = Release|Any CPU
	EndGlobalSection
	GlobalSection(SolutionProperties) = preSolution
		HideSolutionNode = FALSE
	EndGlobalSection
	GlobalSection(ExtensibilityGlobals) = postSolution
		SolutionGuid = {DD9C25C1-1D83-4037-95AE-9E31DE30E720}
	EndGlobalSection
EndGlobal
